// !$*UTF8*$!
{
	archiveVersion = 1;
	classes = {
	};
	objectVersion = 56;
	objects = {

/* Begin PBXBuildFile section */
		FC134E612AE7CB050090BD75 /* rent_flatsApp.swift in Sources */ = {isa = PBXBuildFile; fileRef = FC134E602AE7CB050090BD75 /* rent_flatsApp.swift */; };
		FC134E632AE7CB050090BD75 /* ContentView.swift in Sources */ = {isa = PBXBuildFile; fileRef = FC134E622AE7CB050090BD75 /* ContentView.swift */; };
		FC134E652AE7CB060090BD75 /* Assets.xcassets in Resources */ = {isa = PBXBuildFile; fileRef = FC134E642AE7CB060090BD75 /* Assets.xcassets */; };
		FC134E692AE7CB060090BD75 /* Preview Assets.xcassets in Resources */ = {isa = PBXBuildFile; fileRef = FC134E682AE7CB060090BD75 /* Preview Assets.xcassets */; };
		FC134E732AE7CB060090BD75 /* rent_flatsTests.swift in Sources */ = {isa = PBXBuildFile; fileRef = FC134E722AE7CB060090BD75 /* rent_flatsTests.swift */; };
		FC134E7D2AE7CB060090BD75 /* rent_flatsUITests.swift in Sources */ = {isa = PBXBuildFile; fileRef = FC134E7C2AE7CB060090BD75 /* rent_flatsUITests.swift */; };
		FC134E7F2AE7CB060090BD75 /* rent_flatsUITestsLaunchTests.swift in Sources */ = {isa = PBXBuildFile; fileRef = FC134E7E2AE7CB060090BD75 /* rent_flatsUITestsLaunchTests.swift */; };
/* End PBXBuildFile section */

/* Begin PBXContainerItemProxy section */
		FC134E6F2AE7CB060090BD75 /* PBXContainerItemProxy */ = {
			isa = PBXContainerItemProxy;
			containerPortal = FC134E552AE7CB050090BD75 /* Project object */;
			proxyType = 1;
			remoteGlobalIDString = FC134E5C2AE7CB050090BD75;
			remoteInfo = "rent-flats";
		};
		FC134E792AE7CB060090BD75 /* PBXContainerItemProxy */ = {
			isa = PBXContainerItemProxy;
			containerPortal = FC134E552AE7CB050090BD75 /* Project object */;
			proxyType = 1;
			remoteGlobalIDString = FC134E5C2AE7CB050090BD75;
			remoteInfo = "rent-flats";
		};
/* End PBXContainerItemProxy section */

/* Begin PBXFileReference section */
		FC134E5D2AE7CB050090BD75 /* rent-flats.app */ = {isa = PBXFileReference; explicitFileType = wrapper.application; includeInIndex = 0; path = "rent-flats.app"; sourceTree = BUILT_PRODUCTS_DIR; };
		FC134E602AE7CB050090BD75 /* rent_flatsApp.swift */ = {isa = PBXFileReference; lastKnownFileType = sourcecode.swift; path = rent_flatsApp.swift; sourceTree = "<group>"; };
		FC134E622AE7CB050090BD75 /* ContentView.swift */ = {isa = PBXFileReference; lastKnownFileType = sourcecode.swift; path = ContentView.swift; sourceTree = "<group>"; };
		FC134E642AE7CB060090BD75 /* Assets.xcassets */ = {isa = PBXFileReference; lastKnownFileType = folder.assetcatalog; path = Assets.xcassets; sourceTree = "<group>"; };
		FC134E662AE7CB060090BD75 /* rent_flats.entitlements */ = {isa = PBXFileReference; lastKnownFileType = text.plist.entitlements; path = rent_flats.entitlements; sourceTree = "<group>"; };
		FC134E682AE7CB060090BD75 /* Preview Assets.xcassets */ = {isa = PBXFileReference; lastKnownFileType = folder.assetcatalog; path = "Preview Assets.xcassets"; sourceTree = "<group>"; };
		FC134E6E2AE7CB060090BD75 /* rent-flatsTests.xctest */ = {isa = PBXFileReference; explicitFileType = wrapper.cfbundle; includeInIndex = 0; path = "rent-flatsTests.xctest"; sourceTree = BUILT_PRODUCTS_DIR; };
		FC134E722AE7CB060090BD75 /* rent_flatsTests.swift */ = {isa = PBXFileReference; lastKnownFileType = sourcecode.swift; path = rent_flatsTests.swift; sourceTree = "<group>"; };
		FC134E782AE7CB060090BD75 /* rent-flatsUITests.xctest */ = {isa = PBXFileReference; explicitFileType = wrapper.cfbundle; includeInIndex = 0; path = "rent-flatsUITests.xctest"; sourceTree = BUILT_PRODUCTS_DIR; };
		FC134E7C2AE7CB060090BD75 /* rent_flatsUITests.swift */ = {isa = PBXFileReference; lastKnownFileType = sourcecode.swift; path = rent_flatsUITests.swift; sourceTree = "<group>"; };
		FC134E7E2AE7CB060090BD75 /* rent_flatsUITestsLaunchTests.swift */ = {isa = PBXFileReference; lastKnownFileType = sourcecode.swift; path = rent_flatsUITestsLaunchTests.swift; sourceTree = "<group>"; };
/* End PBXFileReference section */

/* Begin PBXFrameworksBuildPhase section */
		FC134E5A2AE7CB050090BD75 /* Frameworks */ = {
			isa = PBXFrameworksBuildPhase;
			buildActionMask = 2147483647;
			files = (
			);
			runOnlyForDeploymentPostprocessing = 0;
		};
		FC134E6B2AE7CB060090BD75 /* Frameworks */ = {
			isa = PBXFrameworksBuildPhase;
			buildActionMask = 2147483647;
			files = (
			);
			runOnlyForDeploymentPostprocessing = 0;
		};
		FC134E752AE7CB060090BD75 /* Frameworks */ = {
			isa = PBXFrameworksBuildPhase;
			buildActionMask = 2147483647;
			files = (
			);
			runOnlyForDeploymentPostprocessing = 0;
		};
/* End PBXFrameworksBuildPhase section */

/* Begin PBXGroup section */
		FC134E542AE7CB050090BD75 = {
			isa = PBXGroup;
			children = (
				FC134E5F2AE7CB050090BD75 /* rent-flats */,
				FC134E712AE7CB060090BD75 /* rent-flatsTests */,
				FC134E7B2AE7CB060090BD75 /* rent-flatsUITests */,
				FC134E5E2AE7CB050090BD75 /* Products */,
			);
			sourceTree = "<group>";
		};
		FC134E5E2AE7CB050090BD75 /* Products */ = {
			isa = PBXGroup;
			children = (
				FC134E5D2AE7CB050090BD75 /* rent-flats.app */,
				FC134E6E2AE7CB060090BD75 /* rent-flatsTests.xctest */,
				FC134E782AE7CB060090BD75 /* rent-flatsUITests.xctest */,
			);
			name = Products;
			sourceTree = "<group>";
		};
		FC134E5F2AE7CB050090BD75 /* rent-flats */ = {
			isa = PBXGroup;
			children = (
				FC134E602AE7CB050090BD75 /* rent_flatsApp.swift */,
				FC134E622AE7CB050090BD75 /* ContentView.swift */,
				FC134E642AE7CB060090BD75 /* Assets.xcassets */,
				FC134E662AE7CB060090BD75 /* rent_flats.entitlements */,
				FC134E672AE7CB060090BD75 /* Preview Content */,
			);
			path = "rent-flats";
			sourceTree = "<group>";
		};
		FC134E672AE7CB060090BD75 /* Preview Content */ = {
			isa = PBXGroup;
			children = (
				FC134E682AE7CB060090BD75 /* Preview Assets.xcassets */,
			);
			path = "Preview Content";
			sourceTree = "<group>";
		};
		FC134E712AE7CB060090BD75 /* rent-flatsTests */ = {
			isa = PBXGroup;
			children = (
				FC134E722AE7CB060090BD75 /* rent_flatsTests.swift */,
			);
			path = "rent-flatsTests";
			sourceTree = "<group>";
		};
		FC134E7B2AE7CB060090BD75 /* rent-flatsUITests */ = {
			isa = PBXGroup;
			children = (
				FC134E7C2AE7CB060090BD75 /* rent_flatsUITests.swift */,
				FC134E7E2AE7CB060090BD75 /* rent_flatsUITestsLaunchTests.swift */,
			);
			path = "rent-flatsUITests";
			sourceTree = "<group>";
		};
/* End PBXGroup section */

/* Begin PBXNativeTarget section */
		FC134E5C2AE7CB050090BD75 /* rent-flats */ = {
			isa = PBXNativeTarget;
			buildConfigurationList = FC134E822AE7CB060090BD75 /* Build configuration list for PBXNativeTarget "rent-flats" */;
			buildPhases = (
				FC134E592AE7CB050090BD75 /* Sources */,
				FC134E5A2AE7CB050090BD75 /* Frameworks */,
				FC134E5B2AE7CB050090BD75 /* Resources */,
			);
			buildRules = (
			);
			dependencies = (
			);
			name = "rent-flats";
			productName = "rent-flats";
			productReference = FC134E5D2AE7CB050090BD75 /* rent-flats.app */;
			productType = "com.apple.product-type.application";
		};
		FC134E6D2AE7CB060090BD75 /* rent-flatsTests */ = {
			isa = PBXNativeTarget;
			buildConfigurationList = FC134E852AE7CB060090BD75 /* Build configuration list for PBXNativeTarget "rent-flatsTests" */;
			buildPhases = (
				FC134E6A2AE7CB060090BD75 /* Sources */,
				FC134E6B2AE7CB060090BD75 /* Frameworks */,
				FC134E6C2AE7CB060090BD75 /* Resources */,
			);
			buildRules = (
			);
			dependencies = (
				FC134E702AE7CB060090BD75 /* PBXTargetDependency */,
			);
			name = "rent-flatsTests";
			productName = "rent-flatsTests";
			productReference = FC134E6E2AE7CB060090BD75 /* rent-flatsTests.xctest */;
			productType = "com.apple.product-type.bundle.unit-test";
		};
		FC134E772AE7CB060090BD75 /* rent-flatsUITests */ = {
			isa = PBXNativeTarget;
			buildConfigurationList = FC134E882AE7CB060090BD75 /* Build configuration list for PBXNativeTarget "rent-flatsUITests" */;
			buildPhases = (
				FC134E742AE7CB060090BD75 /* Sources */,
				FC134E752AE7CB060090BD75 /* Frameworks */,
				FC134E762AE7CB060090BD75 /* Resources */,
			);
			buildRules = (
			);
			dependencies = (
				FC134E7A2AE7CB060090BD75 /* PBXTargetDependency */,
			);
			name = "rent-flatsUITests";
			productName = "rent-flatsUITests";
			productReference = FC134E782AE7CB060090BD75 /* rent-flatsUITests.xctest */;
			productType = "com.apple.product-type.bundle.ui-testing";
		};
/* End PBXNativeTarget section */

/* Begin PBXProject section */
		FC134E552AE7CB050090BD75 /* Project object */ = {
			isa = PBXProject;
			attributes = {
				BuildIndependentTargetsInParallel = 1;
				LastSwiftUpdateCheck = 1500;
				LastUpgradeCheck = 1500;
				TargetAttributes = {
					FC134E5C2AE7CB050090BD75 = {
						CreatedOnToolsVersion = 15.0.1;
					};
					FC134E6D2AE7CB060090BD75 = {
						CreatedOnToolsVersion = 15.0.1;
						TestTargetID = FC134E5C2AE7CB050090BD75;
					};
					FC134E772AE7CB060090BD75 = {
						CreatedOnToolsVersion = 15.0.1;
						TestTargetID = FC134E5C2AE7CB050090BD75;
					};
				};
			};
			buildConfigurationList = FC134E582AE7CB050090BD75 /* Build configuration list for PBXProject "rent-flats" */;
			compatibilityVersion = "Xcode 14.0";
			developmentRegion = en;
			hasScannedForEncodings = 0;
			knownRegions = (
				en,
				Base,
			);
			mainGroup = FC134E542AE7CB050090BD75;
			productRefGroup = FC134E5E2AE7CB050090BD75 /* Products */;
			projectDirPath = "";
			projectRoot = "";
			targets = (
				FC134E5C2AE7CB050090BD75 /* rent-flats */,
				FC134E6D2AE7CB060090BD75 /* rent-flatsTests */,
				FC134E772AE7CB060090BD75 /* rent-flatsUITests */,
			);
		};
/* End PBXProject section */

/* Begin PBXResourcesBuildPhase section */
		FC134E5B2AE7CB050090BD75 /* Resources */ = {
			isa = PBXResourcesBuildPhase;
			buildActionMask = 2147483647;
			files = (
				FC134E692AE7CB060090BD75 /* Preview Assets.xcassets in Resources */,
				FC134E652AE7CB060090BD75 /* Assets.xcassets in Resources */,
			);
			runOnlyForDeploymentPostprocessing = 0;
		};
		FC134E6C2AE7CB060090BD75 /* Resources */ = {
			isa = PBXResourcesBuildPhase;
			buildActionMask = 2147483647;
			files = (
			);
			runOnlyForDeploymentPostprocessing = 0;
		};
		FC134E762AE7CB060090BD75 /* Resources */ = {
			isa = PBXResourcesBuildPhase;
			buildActionMask = 2147483647;
			files = (
			);
			runOnlyForDeploymentPostprocessing = 0;
		};
/* End PBXResourcesBuildPhase section */

/* Begin PBXSourcesBuildPhase section */
		FC134E592AE7CB050090BD75 /* Sources */ = {
			isa = PBXSourcesBuildPhase;
			buildActionMask = 2147483647;
			files = (
				FC134E632AE7CB050090BD75 /* ContentView.swift in Sources */,
				FC134E612AE7CB050090BD75 /* rent_flatsApp.swift in Sources */,
			);
			runOnlyForDeploymentPostprocessing = 0;
		};
		FC134E6A2AE7CB060090BD75 /* Sources */ = {
			isa = PBXSourcesBuildPhase;
			buildActionMask = 2147483647;
			files = (
				FC134E732AE7CB060090BD75 /* rent_flatsTests.swift in Sources */,
			);
			runOnlyForDeploymentPostprocessing = 0;
		};
		FC134E742AE7CB060090BD75 /* Sources */ = {
			isa = PBXSourcesBuildPhase;
			buildActionMask = 2147483647;
			files = (
				FC134E7F2AE7CB060090BD75 /* rent_flatsUITestsLaunchTests.swift in Sources */,
				FC134E7D2AE7CB060090BD75 /* rent_flatsUITests.swift in Sources */,
			);
			runOnlyForDeploymentPostprocessing = 0;
		};
/* End PBXSourcesBuildPhase section */

/* Begin PBXTargetDependency section */
		FC134E702AE7CB060090BD75 /* PBXTargetDependency */ = {
			isa = PBXTargetDependency;
			target = FC134E5C2AE7CB050090BD75 /* rent-flats */;
			targetProxy = FC134E6F2AE7CB060090BD75 /* PBXContainerItemProxy */;
		};
		FC134E7A2AE7CB060090BD75 /* PBXTargetDependency */ = {
			isa = PBXTargetDependency;
			target = FC134E5C2AE7CB050090BD75 /* rent-flats */;
			targetProxy = FC134E792AE7CB060090BD75 /* PBXContainerItemProxy */;
		};
/* End PBXTargetDependency section */

/* Begin XCBuildConfiguration section */
		FC134E802AE7CB060090BD75 /* Debug */ = {
			isa = XCBuildConfiguration;
			buildSettings = {
				ALWAYS_SEARCH_USER_PATHS = NO;
				ASSETCATALOG_COMPILER_GENERATE_SWIFT_ASSET_SYMBOL_EXTENSIONS = YES;
				CLANG_ANALYZER_NONNULL = YES;
				CLANG_ANALYZER_NUMBER_OBJECT_CONVERSION = YES_AGGRESSIVE;
				CLANG_CXX_LANGUAGE_STANDARD = "gnu++20";
				CLANG_ENABLE_MODULES = YES;
				CLANG_ENABLE_OBJC_ARC = YES;
				CLANG_ENABLE_OBJC_WEAK = YES;
				CLANG_WARN_BLOCK_CAPTURE_AUTORELEASING = YES;
				CLANG_WARN_BOOL_CONVERSION = YES;
				CLANG_WARN_COMMA = YES;
				CLANG_WARN_CONSTANT_CONVERSION = YES;
				CLANG_WARN_DEPRECATED_OBJC_IMPLEMENTATIONS = YES;
				CLANG_WARN_DIRECT_OBJC_ISA_USAGE = YES_ERROR;
				CLANG_WARN_DOCUMENTATION_COMMENTS = YES;
				CLANG_WARN_EMPTY_BODY = YES;
				CLANG_WARN_ENUM_CONVERSION = YES;
				CLANG_WARN_INFINITE_RECURSION = YES;
				CLANG_WARN_INT_CONVERSION = YES;
				CLANG_WARN_NON_LITERAL_NULL_CONVERSION = YES;
				CLANG_WARN_OBJC_IMPLICIT_RETAIN_SELF = YES;
				CLANG_WARN_OBJC_LITERAL_CONVERSION = YES;
				CLANG_WARN_OBJC_ROOT_CLASS = YES_ERROR;
				CLANG_WARN_QUOTED_INCLUDE_IN_FRAMEWORK_HEADER = YES;
				CLANG_WARN_RANGE_LOOP_ANALYSIS = YES;
				CLANG_WARN_STRICT_PROTOTYPES = YES;
				CLANG_WARN_SUSPICIOUS_MOVE = YES;
				CLANG_WARN_UNGUARDED_AVAILABILITY = YES_AGGRESSIVE;
				CLANG_WARN_UNREACHABLE_CODE = YES;
				CLANG_WARN__DUPLICATE_METHOD_MATCH = YES;
				COPY_PHASE_STRIP = NO;
				DEBUG_INFORMATION_FORMAT = dwarf;
				ENABLE_STRICT_OBJC_MSGSEND = YES;
				ENABLE_TESTABILITY = YES;
				ENABLE_USER_SCRIPT_SANDBOXING = YES;
				GCC_C_LANGUAGE_STANDARD = gnu17;
				GCC_DYNAMIC_NO_PIC = NO;
				GCC_NO_COMMON_BLOCKS = YES;
				GCC_OPTIMIZATION_LEVEL = 0;
				GCC_PREPROCESSOR_DEFINITIONS = (
					"DEBUG=1",
					"$(inherited)",
				);
				GCC_WARN_64_TO_32_BIT_CONVERSION = YES;
				GCC_WARN_ABOUT_RETURN_TYPE = YES_ERROR;
				GCC_WARN_UNDECLARED_SELECTOR = YES;
				GCC_WARN_UNINITIALIZED_AUTOS = YES_AGGRESSIVE;
				GCC_WARN_UNUSED_FUNCTION = YES;
				GCC_WARN_UNUSED_VARIABLE = YES;
				LOCALIZATION_PREFERS_STRING_CATALOGS = YES;
				MTL_ENABLE_DEBUG_INFO = INCLUDE_SOURCE;
				MTL_FAST_MATH = YES;
				ONLY_ACTIVE_ARCH = YES;
				SWIFT_ACTIVE_COMPILATION_CONDITIONS = "DEBUG $(inherited)";
				SWIFT_OPTIMIZATION_LEVEL = "-Onone";
			};
			name = Debug;
		};
		FC134E812AE7CB060090BD75 /* Release */ = {
			isa = XCBuildConfiguration;
			buildSettings = {
				ALWAYS_SEARCH_USER_PATHS = NO;
				ASSETCATALOG_COMPILER_GENERATE_SWIFT_ASSET_SYMBOL_EXTENSIONS = YES;
				CLANG_ANALYZER_NONNULL = YES;
				CLANG_ANALYZER_NUMBER_OBJECT_CONVERSION = YES_AGGRESSIVE;
				CLANG_CXX_LANGUAGE_STANDARD = "gnu++20";
				CLANG_ENABLE_MODULES = YES;
				CLANG_ENABLE_OBJC_ARC = YES;
				CLANG_ENABLE_OBJC_WEAK = YES;
				CLANG_WARN_BLOCK_CAPTURE_AUTORELEASING = YES;
				CLANG_WARN_BOOL_CONVERSION = YES;
				CLANG_WARN_COMMA = YES;
				CLANG_WARN_CONSTANT_CONVERSION = YES;
				CLANG_WARN_DEPRECATED_OBJC_IMPLEMENTATIONS = YES;
				CLANG_WARN_DIRECT_OBJC_ISA_USAGE = YES_ERROR;
				CLANG_WARN_DOCUMENTATION_COMMENTS = YES;
				CLANG_WARN_EMPTY_BODY = YES;
				CLANG_WARN_ENUM_CONVERSION = YES;
				CLANG_WARN_INFINITE_RECURSION = YES;
				CLANG_WARN_INT_CONVERSION = YES;
				CLANG_WARN_NON_LITERAL_NULL_CONVERSION = YES;
				CLANG_WARN_OBJC_IMPLICIT_RETAIN_SELF = YES;
				CLANG_WARN_OBJC_LITERAL_CONVERSION = YES;
				CLANG_WARN_OBJC_ROOT_CLASS = YES_ERROR;
				CLANG_WARN_QUOTED_INCLUDE_IN_FRAMEWORK_HEADER = YES;
				CLANG_WARN_RANGE_LOOP_ANALYSIS = YES;
				CLANG_WARN_STRICT_PROTOTYPES = YES;
				CLANG_WARN_SUSPICIOUS_MOVE = YES;
				CLANG_WARN_UNGUARDED_AVAILABILITY = YES_AGGRESSIVE;
				CLANG_WARN_UNREACHABLE_CODE = YES;
				CLANG_WARN__DUPLICATE_METHOD_MATCH = YES;
				COPY_PHASE_STRIP = NO;
				DEBUG_INFORMATION_FORMAT = "dwarf-with-dsym";
				ENABLE_NS_ASSERTIONS = NO;
				ENABLE_STRICT_OBJC_MSGSEND = YES;
				ENABLE_USER_SCRIPT_SANDBOXING = YES;
				GCC_C_LANGUAGE_STANDARD = gnu17;
				GCC_NO_COMMON_BLOCKS = YES;
				GCC_WARN_64_TO_32_BIT_CONVERSION = YES;
				GCC_WARN_ABOUT_RETURN_TYPE = YES_ERROR;
				GCC_WARN_UNDECLARED_SELECTOR = YES;
				GCC_WARN_UNINITIALIZED_AUTOS = YES_AGGRESSIVE;
				GCC_WARN_UNUSED_FUNCTION = YES;
				GCC_WARN_UNUSED_VARIABLE = YES;
				LOCALIZATION_PREFERS_STRING_CATALOGS = YES;
				MTL_ENABLE_DEBUG_INFO = NO;
				MTL_FAST_MATH = YES;
				SWIFT_COMPILATION_MODE = wholemodule;
			};
			name = Release;
		};
		FC134E832AE7CB060090BD75 /* Debug */ = {
			isa = XCBuildConfiguration;
			buildSettings = {
				ASSETCATALOG_COMPILER_APPICON_NAME = AppIcon;
				ASSETCATALOG_COMPILER_GLOBAL_ACCENT_COLOR_NAME = AccentColor;
				CODE_SIGN_ENTITLEMENTS = "rent-flats/rent_flats.entitlements";
				CODE_SIGN_STYLE = Automatic;
				CURRENT_PROJECT_VERSION = 1;
				DEVELOPMENT_ASSET_PATHS = "\"rent-flats/Preview Content\"";
				DEVELOPMENT_TEAM = YHFUNL68VD;
				ENABLE_HARDENED_RUNTIME = YES;
				ENABLE_PREVIEWS = YES;
				GENERATE_INFOPLIST_FILE = YES;
				"INFOPLIST_KEY_UIApplicationSceneManifest_Generation[sdk=iphoneos*]" = YES;
				"INFOPLIST_KEY_UIApplicationSceneManifest_Generation[sdk=iphonesimulator*]" = YES;
				"INFOPLIST_KEY_UIApplicationSupportsIndirectInputEvents[sdk=iphoneos*]" = YES;
				"INFOPLIST_KEY_UIApplicationSupportsIndirectInputEvents[sdk=iphonesimulator*]" = YES;
				"INFOPLIST_KEY_UILaunchScreen_Generation[sdk=iphoneos*]" = YES;
				"INFOPLIST_KEY_UILaunchScreen_Generation[sdk=iphonesimulator*]" = YES;
				"INFOPLIST_KEY_UIStatusBarStyle[sdk=iphoneos*]" = UIStatusBarStyleDefault;
				"INFOPLIST_KEY_UIStatusBarStyle[sdk=iphonesimulator*]" = UIStatusBarStyleDefault;
				INFOPLIST_KEY_UISupportedInterfaceOrientations_iPad = "UIInterfaceOrientationPortrait UIInterfaceOrientationPortraitUpsideDown UIInterfaceOrientationLandscapeLeft UIInterfaceOrientationLandscapeRight";
				INFOPLIST_KEY_UISupportedInterfaceOrientations_iPhone = "UIInterfaceOrientationPortrait UIInterfaceOrientationLandscapeLeft UIInterfaceOrientationLandscapeRight";
				IPHONEOS_DEPLOYMENT_TARGET = 17.0;
				LD_RUNPATH_SEARCH_PATHS = "@executable_path/Frameworks";
				"LD_RUNPATH_SEARCH_PATHS[sdk=macosx*]" = "@executable_path/../Frameworks";
				MACOSX_DEPLOYMENT_TARGET = 13.5;
				MARKETING_VERSION = 1.0;
				PRODUCT_BUNDLE_IDENTIFIER = "andrei.rent-flats";
				PRODUCT_NAME = "$(TARGET_NAME)";
				SDKROOT = auto;
				SUPPORTED_PLATFORMS = "iphoneos iphonesimulator macosx";
				SWIFT_EMIT_LOC_STRINGS = YES;
				SWIFT_VERSION = 5.0;
				TARGETED_DEVICE_FAMILY = "1,2";
			};
			name = Debug;
		};
		FC134E842AE7CB060090BD75 /* Release */ = {
			isa = XCBuildConfiguration;
			buildSettings = {
				ASSETCATALOG_COMPILER_APPICON_NAME = AppIcon;
				ASSETCATALOG_COMPILER_GLOBAL_ACCENT_COLOR_NAME = AccentColor;
				CODE_SIGN_ENTITLEMENTS = "rent-flats/rent_flats.entitlements";
				CODE_SIGN_STYLE = Automatic;
				CURRENT_PROJECT_VERSION = 1;
				DEVELOPMENT_ASSET_PATHS = "\"rent-flats/Preview Content\"";
				DEVELOPMENT_TEAM = YHFUNL68VD;
				ENABLE_HARDENED_RUNTIME = YES;
				ENABLE_PREVIEWS = YES;
				GENERATE_INFOPLIST_FILE = YES;
				"INFOPLIST_KEY_UIApplicationSceneManifest_Generation[sdk=iphoneos*]" = YES;
				"INFOPLIST_KEY_UIApplicationSceneManifest_Generation[sdk=iphonesimulator*]" = YES;
				"INFOPLIST_KEY_UIApplicationSupportsIndirectInputEvents[sdk=iphoneos*]" = YES;
				"INFOPLIST_KEY_UIApplicationSupportsIndirectInputEvents[sdk=iphonesimulator*]" = YES;
				"INFOPLIST_KEY_UILaunchScreen_Generation[sdk=iphoneos*]" = YES;
				"INFOPLIST_KEY_UILaunchScreen_Generation[sdk=iphonesimulator*]" = YES;
				"INFOPLIST_KEY_UIStatusBarStyle[sdk=iphoneos*]" = UIStatusBarStyleDefault;
				"INFOPLIST_KEY_UIStatusBarStyle[sdk=iphonesimulator*]" = UIStatusBarStyleDefault;
				INFOPLIST_KEY_UISupportedInterfaceOrientations_iPad = "UIInterfaceOrientationPortrait UIInterfaceOrientationPortraitUpsideDown UIInterfaceOrientationLandscapeLeft UIInterfaceOrientationLandscapeRight";
				INFOPLIST_KEY_UISupportedInterfaceOrientations_iPhone = "UIInterfaceOrientationPortrait UIInterfaceOrientationLandscapeLeft UIInterfaceOrientationLandscapeRight";
				IPHONEOS_DEPLOYMENT_TARGET = 17.0;
				LD_RUNPATH_SEARCH_PATHS = "@executable_path/Frameworks";
				"LD_RUNPATH_SEARCH_PATHS[sdk=macosx*]" = "@executable_path/../Frameworks";
				MACOSX_DEPLOYMENT_TARGET = 13.5;
				MARKETING_VERSION = 1.0;
				PRODUCT_BUNDLE_IDENTIFIER = "andrei.rent-flats";
				PRODUCT_NAME = "$(TARGET_NAME)";
				SDKROOT = auto;
				SUPPORTED_PLATFORMS = "iphoneos iphonesimulator macosx";
				SWIFT_EMIT_LOC_STRINGS = YES;
				SWIFT_VERSION = 5.0;
				TARGETED_DEVICE_FAMILY = "1,2";
			};
			name = Release;
		};
		FC134E862AE7CB060090BD75 /* Debug */ = {
			isa = XCBuildConfiguration;
			buildSettings = {
				ALWAYS_EMBED_SWIFT_STANDARD_LIBRARIES = YES;
				BUNDLE_LOADER = "$(TEST_HOST)";
				CODE_SIGN_STYLE = Automatic;
				CURRENT_PROJECT_VERSION = 1;
				DEVELOPMENT_TEAM = YHFUNL68VD;
				GENERATE_INFOPLIST_FILE = YES;
				IPHONEOS_DEPLOYMENT_TARGET = 17.0;
				MACOSX_DEPLOYMENT_TARGET = 13.5;
				MARKETING_VERSION = 1.0;
				PRODUCT_BUNDLE_IDENTIFIER = "andrei.rent-flatsTests";
				PRODUCT_NAME = "$(TARGET_NAME)";
				SDKROOT = auto;
				SUPPORTED_PLATFORMS = "iphoneos iphonesimulator macosx";
				SWIFT_EMIT_LOC_STRINGS = NO;
				SWIFT_VERSION = 5.0;
				TARGETED_DEVICE_FAMILY = "1,2";
				TEST_HOST = "$(BUILT_PRODUCTS_DIR)/rent-flats.app/$(BUNDLE_EXECUTABLE_FOLDER_PATH)/rent-flats";
			};
			name = Debug;
		};
		FC134E872AE7CB060090BD75 /* Release */ = {
			isa = XCBuildConfiguration;
			buildSettings = {
				ALWAYS_EMBED_SWIFT_STANDARD_LIBRARIES = YES;
				BUNDLE_LOADER = "$(TEST_HOST)";
				CODE_SIGN_STYLE = Automatic;
				CURRENT_PROJECT_VERSION = 1;
				DEVELOPMENT_TEAM = YHFUNL68VD;
				GENERATE_INFOPLIST_FILE = YES;
				IPHONEOS_DEPLOYMENT_TARGET = 17.0;
				MACOSX_DEPLOYMENT_TARGET = 13.5;
				MARKETING_VERSION = 1.0;
				PRODUCT_BUNDLE_IDENTIFIER = "andrei.rent-flatsTests";
				PRODUCT_NAME = "$(TARGET_NAME)";
				SDKROOT = auto;
				SUPPORTED_PLATFORMS = "iphoneos iphonesimulator macosx";
				SWIFT_EMIT_LOC_STRINGS = NO;
				SWIFT_VERSION = 5.0;
				TARGETED_DEVICE_FAMILY = "1,2";
				TEST_HOST = "$(BUILT_PRODUCTS_DIR)/rent-flats.app/$(BUNDLE_EXECUTABLE_FOLDER_PATH)/rent-flats";
			};
			name = Release;
		};
		FC134E892AE7CB060090BD75 /* Debug */ = {
			isa = XCBuildConfiguration;
			buildSettings = {
				ALWAYS_EMBED_SWIFT_STANDARD_LIBRARIES = YES;
				CODE_SIGN_STYLE = Automatic;
				CURRENT_PROJECT_VERSION = 1;
				DEVELOPMENT_TEAM = YHFUNL68VD;
				GENERATE_INFOPLIST_FILE = YES;
				IPHONEOS_DEPLOYMENT_TARGET = 17.0;
				MACOSX_DEPLOYMENT_TARGET = 13.5;
				MARKETING_VERSION = 1.0;
				PRODUCT_BUNDLE_IDENTIFIER = "andrei.rent-flatsUITests";
				PRODUCT_NAME = "$(TARGET_NAME)";
				SDKROOT = auto;
				SUPPORTED_PLATFORMS = "iphoneos iphonesimulator macosx";
				SWIFT_EMIT_LOC_STRINGS = NO;
				SWIFT_VERSION = 5.0;
				TARGETED_DEVICE_FAMILY = "1,2";
				TEST_TARGET_NAME = "rent-flats";
			};
			name = Debug;
		};
		FC134E8A2AE7CB060090BD75 /* Release */ = {
			isa = XCBuildConfiguration;
			buildSettings = {
				ALWAYS_EMBED_SWIFT_STANDARD_LIBRARIES = YES;
				CODE_SIGN_STYLE = Automatic;
				CURRENT_PROJECT_VERSION = 1;
				DEVELOPMENT_TEAM = YHFUNL68VD;
				GENERATE_INFOPLIST_FILE = YES;
				IPHONEOS_DEPLOYMENT_TARGET = 17.0;
				MACOSX_DEPLOYMENT_TARGET = 13.5;
				MARKETING_VERSION = 1.0;
				PRODUCT_BUNDLE_IDENTIFIER = "andrei.rent-flatsUITests";
				PRODUCT_NAME = "$(TARGET_NAME)";
				SDKROOT = auto;
				SUPPORTED_PLATFORMS = "iphoneos iphonesimulator macosx";
				SWIFT_EMIT_LOC_STRINGS = NO;
				SWIFT_VERSION = 5.0;
				TARGETED_DEVICE_FAMILY = "1,2";
				TEST_TARGET_NAME = "rent-flats";
			};
			name = Release;
		};
/* End XCBuildConfiguration section */

/* Begin XCConfigurationList section */
		FC134E582AE7CB050090BD75 /* Build configuration list for PBXProject "rent-flats" */ = {
			isa = XCConfigurationList;
			buildConfigurations = (
				FC134E802AE7CB060090BD75 /* Debug */,
				FC134E812AE7CB060090BD75 /* Release */,
			);
			defaultConfigurationIsVisible = 0;
			defaultConfigurationName = Release;
		};
		FC134E822AE7CB060090BD75 /* Build configuration list for PBXNativeTarget "rent-flats" */ = {
			isa = XCConfigurationList;
			buildConfigurations = (
				FC134E832AE7CB060090BD75 /* Debug */,
				FC134E842AE7CB060090BD75 /* Release */,
			);
			defaultConfigurationIsVisible = 0;
			defaultConfigurationName = Release;
		};
		FC134E852AE7CB060090BD75 /* Build configuration list for PBXNativeTarget "rent-flatsTests" */ = {
			isa = XCConfigurationList;
			buildConfigurations = (
				FC134E862AE7CB060090BD75 /* Debug */,
				FC134E872AE7CB060090BD75 /* Release */,
			);
			defaultConfigurationIsVisible = 0;
			defaultConfigurationName = Release;
		};
		FC134E882AE7CB060090BD75 /* Build configuration list for PBXNativeTarget "rent-flatsUITests" */ = {
			isa = XCConfigurationList;
			buildConfigurations = (
				FC134E892AE7CB060090BD75 /* Debug */,
				FC134E8A2AE7CB060090BD75 /* Release */,
			);
			defaultConfigurationIsVisible = 0;
			defaultConfigurationName = Release;
		};
/* End XCConfigurationList section */
	};
	rootObject = FC134E552AE7CB050090BD75 /* Project object */;
}
